
Microsoft Visual Studio Solution File, Format Version 12.00
# Visual Studio Version 17
VisualStudioVersion = 17.3.32825.248
MinimumVisualStudioVersion = 10.0.40219.1
Project("{9A19103F-16F7-4668-BE54-9A1E7A4F7556}") = "Projeto_MVC", "Projeto_MVC.csproj", "{400F3ABB-98FF-49F8-B083-08576B735DED}"
EndProject
Global
	GlobalSection(SolutionConfigurationPlatforms) = preSolution
		Debug|Any CPU = Debug|Any CPU
		Release|Any CPU = Release|Any CPU
	EndGlobalSection
	GlobalSection(ProjectConfigurationPlatforms) = postSolution
		{400F3ABB-98FF-49F8-B083-08576B735DED}.Debug|Any CPU.ActiveCfg = Debug|Any CPU
		{400F3ABB-98FF-49F8-B083-08576B735DED}.Debug|Any CPU.Build.0 = Debug|Any CPU
		{400F3ABB-98FF-49F8-B083-08576B735DED}.Release|Any CPU.ActiveCfg = Release|Any CPU
		{400F3ABB-98FF-49F8-B083-08576B735DED}.Release|Any CPU.Build.0 = Release|Any CPU
	EndGlobalSection
	GlobalSection(SolutionProperties) = preSolution
		HideSolutionNode = FALSE
	EndGlobalSection
	GlobalSection(ExtensibilityGlobals) = postSolution
		SolutionGuid = {C3911C2D-500C-4BEA-AA9D-EB3B39D46FA2}
	EndGlobalSection
EndGlobal
